
Microsoft Visual Studio Solution File, Format Version 12.00
Project("{FAE04EC0-301F-11D3-BF4B-00C04F79EFBC}") = "AdventOfCode", "AdventOfCode\AdventOfCode.csproj", "{6B212B89-8B75-41DC-9942-9B672F93618A}"
EndProject
Project("{FAE04EC0-301F-11D3-BF4B-00C04F79EFBC}") = "AdventOfCode.Day1", "AdventOfCode.Day1\AdventOfCode.Day1.csproj", "{5AE62D26-E6F8-4EDD-8CC0-688592B7663F}"
EndProject
Project("{FAE04EC0-301F-11D3-BF4B-00C04F79EFBC}") = "AdventOfCode.Day2", "AdventOfCode.Day2\AdventOfCode.Day2.csproj", "{4778CE3B-A852-47BF-B50E-33C6B2EDD2DC}"
EndProject
Project("{FAE04EC0-301F-11D3-BF4B-00C04F79EFBC}") = "AdventOfCode.Day3", "AdventOfCode.Day3\AdventOfCode.Day3.csproj", "{2F126545-8D10-4CAE-AEC1-84497C29FACB}"
EndProject
Project("{FAE04EC0-301F-11D3-BF4B-00C04F79EFBC}") = "AdventOfCode.Day4", "AdventOfCode.Day4\AdventOfCode.Day4.csproj", "{64BB3D91-529C-4B4B-93D6-E140A1A7A45B}"
EndProject
Project("{FAE04EC0-301F-11D3-BF4B-00C04F79EFBC}") = "AdventOfCode.Day5", "AdventOfCode.Day5\AdventOfCode.Day5.csproj", "{F5A6AF03-80E7-4323-8B7B-7791E86D6FE1}"
EndProject
Project("{FAE04EC0-301F-11D3-BF4B-00C04F79EFBC}") = "AdventOfCode.Day6", "AdventOfCode.Day6\AdventOfCode.Day6.csproj", "{F12D68BA-7168-459F-AE60-93AA73D435BA}"
EndProject
Project("{FAE04EC0-301F-11D3-BF4B-00C04F79EFBC}") = "AdventOfCode.Day7", "AdventOfCode.Day7\AdventOfCode.Day7.csproj", "{FB321F5C-7686-41C9-B50B-25FA463B2D40}"
EndProject
Project("{FAE04EC0-301F-11D3-BF4B-00C04F79EFBC}") = "AdventOfCode.Rankings", "AdventOfCode.Rankings\AdventOfCode.Rankings.csproj", "{44189252-713A-4B6A-902B-CE5820B4A316}"
EndProject
Project("{FAE04EC0-301F-11D3-BF4B-00C04F79EFBC}") = "AdventOfCode.Day8", "AdventOfCode.Day8\AdventOfCode.Day8.csproj", "{BE111299-9D59-4689-B7E1-3FC0C3CA4E5C}"
EndProject
Global
	GlobalSection(SolutionConfigurationPlatforms) = preSolution
		Debug|Any CPU = Debug|Any CPU
		Release|Any CPU = Release|Any CPU
	EndGlobalSection
	GlobalSection(ProjectConfigurationPlatforms) = postSolution
		{6B212B89-8B75-41DC-9942-9B672F93618A}.Debug|Any CPU.ActiveCfg = Debug|Any CPU
		{6B212B89-8B75-41DC-9942-9B672F93618A}.Debug|Any CPU.Build.0 = Debug|Any CPU
		{6B212B89-8B75-41DC-9942-9B672F93618A}.Release|Any CPU.ActiveCfg = Release|Any CPU
		{6B212B89-8B75-41DC-9942-9B672F93618A}.Release|Any CPU.Build.0 = Release|Any CPU
		{5AE62D26-E6F8-4EDD-8CC0-688592B7663F}.Debug|Any CPU.ActiveCfg = Debug|Any CPU
		{5AE62D26-E6F8-4EDD-8CC0-688592B7663F}.Debug|Any CPU.Build.0 = Debug|Any CPU
		{5AE62D26-E6F8-4EDD-8CC0-688592B7663F}.Release|Any CPU.ActiveCfg = Release|Any CPU
		{5AE62D26-E6F8-4EDD-8CC0-688592B7663F}.Release|Any CPU.Build.0 = Release|Any CPU
		{4778CE3B-A852-47BF-B50E-33C6B2EDD2DC}.Debug|Any CPU.ActiveCfg = Debug|Any CPU
		{4778CE3B-A852-47BF-B50E-33C6B2EDD2DC}.Debug|Any CPU.Build.0 = Debug|Any CPU
		{4778CE3B-A852-47BF-B50E-33C6B2EDD2DC}.Release|Any CPU.ActiveCfg = Release|Any CPU
		{4778CE3B-A852-47BF-B50E-33C6B2EDD2DC}.Release|Any CPU.Build.0 = Release|Any CPU
		{2F126545-8D10-4CAE-AEC1-84497C29FACB}.Debug|Any CPU.ActiveCfg = Debug|Any CPU
		{2F126545-8D10-4CAE-AEC1-84497C29FACB}.Debug|Any CPU.Build.0 = Debug|Any CPU
		{2F126545-8D10-4CAE-AEC1-84497C29FACB}.Release|Any CPU.ActiveCfg = Release|Any CPU
		{2F126545-8D10-4CAE-AEC1-84497C29FACB}.Release|Any CPU.Build.0 = Release|Any CPU
		{64BB3D91-529C-4B4B-93D6-E140A1A7A45B}.Debug|Any CPU.ActiveCfg = Debug|Any CPU
		{64BB3D91-529C-4B4B-93D6-E140A1A7A45B}.Debug|Any CPU.Build.0 = Debug|Any CPU
		{64BB3D91-529C-4B4B-93D6-E140A1A7A45B}.Release|Any CPU.ActiveCfg = Release|Any CPU
		{64BB3D91-529C-4B4B-93D6-E140A1A7A45B}.Release|Any CPU.Build.0 = Release|Any CPU
		{F5A6AF03-80E7-4323-8B7B-7791E86D6FE1}.Debug|Any CPU.ActiveCfg = Debug|Any CPU
		{F5A6AF03-80E7-4323-8B7B-7791E86D6FE1}.Debug|Any CPU.Build.0 = Debug|Any CPU
		{F5A6AF03-80E7-4323-8B7B-7791E86D6FE1}.Release|Any CPU.ActiveCfg = Release|Any CPU
		{F5A6AF03-80E7-4323-8B7B-7791E86D6FE1}.Release|Any CPU.Build.0 = Release|Any CPU
		{F12D68BA-7168-459F-AE60-93AA73D435BA}.Debug|Any CPU.ActiveCfg = Debug|Any CPU
		{F12D68BA-7168-459F-AE60-93AA73D435BA}.Debug|Any CPU.Build.0 = Debug|Any CPU
		{F12D68BA-7168-459F-AE60-93AA73D435BA}.Release|Any CPU.ActiveCfg = Release|Any CPU
		{F12D68BA-7168-459F-AE60-93AA73D435BA}.Release|Any CPU.Build.0 = Release|Any CPU
		{FB321F5C-7686-41C9-B50B-25FA463B2D40}.Debug|Any CPU.ActiveCfg = Debug|Any CPU
		{FB321F5C-7686-41C9-B50B-25FA463B2D40}.Debug|Any CPU.Build.0 = Debug|Any CPU
		{FB321F5C-7686-41C9-B50B-25FA463B2D40}.Release|Any CPU.ActiveCfg = Release|Any CPU
		{FB321F5C-7686-41C9-B50B-25FA463B2D40}.Release|Any CPU.Build.0 = Release|Any CPU
		{44189252-713A-4B6A-902B-CE5820B4A316}.Debug|Any CPU.ActiveCfg = Debug|Any CPU
		{44189252-713A-4B6A-902B-CE5820B4A316}.Debug|Any CPU.Build.0 = Debug|Any CPU
		{44189252-713A-4B6A-902B-CE5820B4A316}.Release|Any CPU.ActiveCfg = Release|Any CPU
		{44189252-713A-4B6A-902B-CE5820B4A316}.Release|Any CPU.Build.0 = Release|Any CPU
		{BE111299-9D59-4689-B7E1-3FC0C3CA4E5C}.Debug|Any CPU.ActiveCfg = Debug|Any CPU
		{BE111299-9D59-4689-B7E1-3FC0C3CA4E5C}.Debug|Any CPU.Build.0 = Debug|Any CPU
		{BE111299-9D59-4689-B7E1-3FC0C3CA4E5C}.Release|Any CPU.ActiveCfg = Release|Any CPU
		{BE111299-9D59-4689-B7E1-3FC0C3CA4E5C}.Release|Any CPU.Build.0 = Release|Any CPU
	EndGlobalSection
EndGlobal
